
Microsoft Visual Studio Solution File, Format Version 12.00
# Visual Studio 15
VisualStudioVersion = 15.0.36217.24
MinimumVisualStudioVersion = 10.0.40219.1
Project("{FAE04EC0-301F-11D3-BF4B-00C04F79EFBC}") = "practise_from", "practise_from\practise_from.csproj", "{40B57884-A51D-42FA-82E0-49D24AEEAC27}"
EndProject
Project("{FAE04EC0-301F-11D3-BF4B-00C04F79EFBC}") = "MODEL", "MODEL\MODEL.csproj", "{2B9C3639-9D4B-467E-98C1-A487BC7448B1}"
EndProject
Project("{FAE04EC0-301F-11D3-BF4B-00C04F79EFBC}") = "DAL", "DAL\DAL.csproj", "{E44D82CB-C937-4F1D-81D2-953A74211CA2}"
EndProject
Project("{FAE04EC0-301F-11D3-BF4B-00C04F79EFBC}") = "BAL", "BAL\BAL.csproj", "{B3B9DF4B-95B6-47D2-BBA4-2ACFA2B2DD69}"
EndProject
Global
	GlobalSection(SolutionConfigurationPlatforms) = preSolution
		Debug|Any CPU = Debug|Any CPU
		Release|Any CPU = Release|Any CPU
	EndGlobalSection
	GlobalSection(ProjectConfigurationPlatforms) = postSolution
		{40B57884-A51D-42FA-82E0-49D24AEEAC27}.Debug|Any CPU.ActiveCfg = Debug|Any CPU
		{40B57884-A51D-42FA-82E0-49D24AEEAC27}.Debug|Any CPU.Build.0 = Debug|Any CPU
		{40B57884-A51D-42FA-82E0-49D24AEEAC27}.Release|Any CPU.ActiveCfg = Release|Any CPU
		{40B57884-A51D-42FA-82E0-49D24AEEAC27}.Release|Any CPU.Build.0 = Release|Any CPU
		{2B9C3639-9D4B-467E-98C1-A487BC7448B1}.Debug|Any CPU.ActiveCfg = Debug|Any CPU
		{2B9C3639-9D4B-467E-98C1-A487BC7448B1}.Debug|Any CPU.Build.0 = Debug|Any CPU
		{2B9C3639-9D4B-467E-98C1-A487BC7448B1}.Release|Any CPU.ActiveCfg = Release|Any CPU
		{2B9C3639-9D4B-467E-98C1-A487BC7448B1}.Release|Any CPU.Build.0 = Release|Any CPU
		{E44D82CB-C937-4F1D-81D2-953A74211CA2}.Debug|Any CPU.ActiveCfg = Debug|Any CPU
		{E44D82CB-C937-4F1D-81D2-953A74211CA2}.Debug|Any CPU.Build.0 = Debug|Any CPU
		{E44D82CB-C937-4F1D-81D2-953A74211CA2}.Release|Any CPU.ActiveCfg = Release|Any CPU
		{E44D82CB-C937-4F1D-81D2-953A74211CA2}.Release|Any CPU.Build.0 = Release|Any CPU
		{B3B9DF4B-95B6-47D2-BBA4-2ACFA2B2DD69}.Debug|Any CPU.ActiveCfg = Debug|Any CPU
		{B3B9DF4B-95B6-47D2-BBA4-2ACFA2B2DD69}.Debug|Any CPU.Build.0 = Debug|Any CPU
		{B3B9DF4B-95B6-47D2-BBA4-2ACFA2B2DD69}.Release|Any CPU.ActiveCfg = Release|Any CPU
		{B3B9DF4B-95B6-47D2-BBA4-2ACFA2B2DD69}.Release|Any CPU.Build.0 = Release|Any CPU
	EndGlobalSection
	GlobalSection(SolutionProperties) = preSolution
		HideSolutionNode = FALSE
	EndGlobalSection
	GlobalSection(ExtensibilityGlobals) = postSolution
		SolutionGuid = {733EB6A6-FB7A-49E4-B04A-D3B78773E54A}
	EndGlobalSection
EndGlobal
